// !$*UTF8*$!
{
	archiveVersion = 1;
	classes = {
	};
	objectVersion = 56;
	objects = {

/* Begin PBXBuildFile section */
		390F8BEF2BB8A3A7006B8650 /* CuriosityApp.swift in Sources */ = {isa = PBXBuildFile; fileRef = 390F8BEE2BB8A3A7006B8650 /* CuriosityApp.swift */; };
		390F8BF12BB8A3A7006B8650 /* ContentView.swift in Sources */ = {isa = PBXBuildFile; fileRef = 390F8BF02BB8A3A7006B8650 /* ContentView.swift */; };
		390F8BF32BB8A3A9006B8650 /* Assets.xcassets in Resources */ = {isa = PBXBuildFile; fileRef = 390F8BF22BB8A3A9006B8650 /* Assets.xcassets */; };
		390F8BF62BB8A3A9006B8650 /* Preview Assets.xcassets in Resources */ = {isa = PBXBuildFile; fileRef = 390F8BF52BB8A3A9006B8650 /* Preview Assets.xcassets */; };
		390F8C002BB8A3A9006B8650 /* CuriosityTests.swift in Sources */ = {isa = PBXBuildFile; fileRef = 390F8BFF2BB8A3A9006B8650 /* CuriosityTests.swift */; };
		390F8C0A2BB8A3A9006B8650 /* CuriosityUITests.swift in Sources */ = {isa = PBXBuildFile; fileRef = 390F8C092BB8A3A9006B8650 /* CuriosityUITests.swift */; };
		390F8C0C2BB8A3A9006B8650 /* CuriosityUITestsLaunchTests.swift in Sources */ = {isa = PBXBuildFile; fileRef = 390F8C0B2BB8A3A9006B8650 /* CuriosityUITestsLaunchTests.swift */; };
/* End PBXBuildFile section */

/* Begin PBXContainerItemProxy section */
		390F8BFC2BB8A3A9006B8650 /* PBXContainerItemProxy */ = {
			isa = PBXContainerItemProxy;
			containerPortal = 390F8BE32BB8A3A7006B8650 /* Project object */;
			proxyType = 1;
			remoteGlobalIDString = 390F8BEA2BB8A3A7006B8650;
			remoteInfo = Curiosity;
		};
		390F8C062BB8A3A9006B8650 /* PBXContainerItemProxy */ = {
			isa = PBXContainerItemProxy;
			containerPortal = 390F8BE32BB8A3A7006B8650 /* Project object */;
			proxyType = 1;
			remoteGlobalIDString = 390F8BEA2BB8A3A7006B8650;
			remoteInfo = Curiosity;
		};
/* End PBXContainerItemProxy section */

/* Begin PBXFileReference section */
		390F8BEB2BB8A3A7006B8650 /* Curiosity.app */ = {isa = PBXFileReference; explicitFileType = wrapper.application; includeInIndex = 0; path = Curiosity.app; sourceTree = BUILT_PRODUCTS_DIR; };
		390F8BEE2BB8A3A7006B8650 /* CuriosityApp.swift */ = {isa = PBXFileReference; lastKnownFileType = sourcecode.swift; path = CuriosityApp.swift; sourceTree = "<group>"; };
		390F8BF02BB8A3A7006B8650 /* ContentView.swift */ = {isa = PBXFileReference; lastKnownFileType = sourcecode.swift; path = ContentView.swift; sourceTree = "<group>"; };
		390F8BF22BB8A3A9006B8650 /* Assets.xcassets */ = {isa = PBXFileReference; lastKnownFileType = folder.assetcatalog; path = Assets.xcassets; sourceTree = "<group>"; };
		390F8BF52BB8A3A9006B8650 /* Preview Assets.xcassets */ = {isa = PBXFileReference; lastKnownFileType = folder.assetcatalog; path = "Preview Assets.xcassets"; sourceTree = "<group>"; };
		390F8BFB2BB8A3A9006B8650 /* CuriosityTests.xctest */ = {isa = PBXFileReference; explicitFileType = wrapper.cfbundle; includeInIndex = 0; path = CuriosityTests.xctest; sourceTree = BUILT_PRODUCTS_DIR; };
		390F8BFF2BB8A3A9006B8650 /* CuriosityTests.swift */ = {isa = PBXFileReference; lastKnownFileType = sourcecode.swift; path = CuriosityTests.swift; sourceTree = "<group>"; };
		390F8C052BB8A3A9006B8650 /* CuriosityUITests.xctest */ = {isa = PBXFileReference; explicitFileType = wrapper.cfbundle; includeInIndex = 0; path = CuriosityUITests.xctest; sourceTree = BUILT_PRODUCTS_DIR; };
		390F8C092BB8A3A9006B8650 /* CuriosityUITests.swift */ = {isa = PBXFileReference; lastKnownFileType = sourcecode.swift; path = CuriosityUITests.swift; sourceTree = "<group>"; };
		390F8C0B2BB8A3A9006B8650 /* CuriosityUITestsLaunchTests.swift */ = {isa = PBXFileReference; lastKnownFileType = sourcecode.swift; path = CuriosityUITestsLaunchTests.swift; sourceTree = "<group>"; };
/* End PBXFileReference section */

/* Begin PBXFrameworksBuildPhase section */
		390F8BE82BB8A3A7006B8650 /* Frameworks */ = {
			isa = PBXFrameworksBuildPhase;
			buildActionMask = 2147483647;
			files = (
			);
			runOnlyForDeploymentPostprocessing = 0;
		};
		390F8BF82BB8A3A9006B8650 /* Frameworks */ = {
			isa = PBXFrameworksBuildPhase;
			buildActionMask = 2147483647;
			files = (
			);
			runOnlyForDeploymentPostprocessing = 0;
		};
		390F8C022BB8A3A9006B8650 /* Frameworks */ = {
			isa = PBXFrameworksBuildPhase;
			buildActionMask = 2147483647;
			files = (
			);
			runOnlyForDeploymentPostprocessing = 0;
		};
/* End PBXFrameworksBuildPhase section */

/* Begin PBXGroup section */
		390F8BE22BB8A3A7006B8650 = {
			isa = PBXGroup;
			children = (
				390F8BED2BB8A3A7006B8650 /* Curiosity */,
				390F8BFE2BB8A3A9006B8650 /* CuriosityTests */,
				390F8C082BB8A3A9006B8650 /* CuriosityUITests */,
				390F8BEC2BB8A3A7006B8650 /* Products */,
			);
			sourceTree = "<group>";
		};
		390F8BEC2BB8A3A7006B8650 /* Products */ = {
			isa = PBXGroup;
			children = (
				390F8BEB2BB8A3A7006B8650 /* Curiosity.app */,
				390F8BFB2BB8A3A9006B8650 /* CuriosityTests.xctest */,
				390F8C052BB8A3A9006B8650 /* CuriosityUITests.xctest */,
			);
			name = Products;
			sourceTree = "<group>";
		};
		390F8BED2BB8A3A7006B8650 /* Curiosity */ = {
			isa = PBXGroup;
			children = (
				390F8BEE2BB8A3A7006B8650 /* CuriosityApp.swift */,
				390F8BF02BB8A3A7006B8650 /* ContentView.swift */,
				390F8BF22BB8A3A9006B8650 /* Assets.xcassets */,
				390F8BF42BB8A3A9006B8650 /* Preview Content */,
			);
			path = Curiosity;
			sourceTree = "<group>";
		};
		390F8BF42BB8A3A9006B8650 /* Preview Content */ = {
			isa = PBXGroup;
			children = (
				390F8BF52BB8A3A9006B8650 /* Preview Assets.xcassets */,
			);
			path = "Preview Content";
			sourceTree = "<group>";
		};
		390F8BFE2BB8A3A9006B8650 /* CuriosityTests */ = {
			isa = PBXGroup;
			children = (
				390F8BFF2BB8A3A9006B8650 /* CuriosityTests.swift */,
			);
			path = CuriosityTests;
			sourceTree = "<group>";
		};
		390F8C082BB8A3A9006B8650 /* CuriosityUITests */ = {
			isa = PBXGroup;
			children = (
				390F8C092BB8A3A9006B8650 /* CuriosityUITests.swift */,
				390F8C0B2BB8A3A9006B8650 /* CuriosityUITestsLaunchTests.swift */,
			);
			path = CuriosityUITests;
			sourceTree = "<group>";
		};
/* End PBXGroup section */

/* Begin PBXNativeTarget section */
		390F8BEA2BB8A3A7006B8650 /* Curiosity */ = {
			isa = PBXNativeTarget;
			buildConfigurationList = 390F8C0F2BB8A3A9006B8650 /* Build configuration list for PBXNativeTarget "Curiosity" */;
			buildPhases = (
				390F8BE72BB8A3A7006B8650 /* Sources */,
				390F8BE82BB8A3A7006B8650 /* Frameworks */,
				390F8BE92BB8A3A7006B8650 /* Resources */,
			);
			buildRules = (
			);
			dependencies = (
			);
			name = Curiosity;
			productName = Curiosity;
			productReference = 390F8BEB2BB8A3A7006B8650 /* Curiosity.app */;
			productType = "com.apple.product-type.application";
		};
		390F8BFA2BB8A3A9006B8650 /* CuriosityTests */ = {
			isa = PBXNativeTarget;
			buildConfigurationList = 390F8C122BB8A3A9006B8650 /* Build configuration list for PBXNativeTarget "CuriosityTests" */;
			buildPhases = (
				390F8BF72BB8A3A9006B8650 /* Sources */,
				390F8BF82BB8A3A9006B8650 /* Frameworks */,
				390F8BF92BB8A3A9006B8650 /* Resources */,
			);
			buildRules = (
			);
			dependencies = (
				390F8BFD2BB8A3A9006B8650 /* PBXTargetDependency */,
			);
			name = CuriosityTests;
			productName = CuriosityTests;
			productReference = 390F8BFB2BB8A3A9006B8650 /* CuriosityTests.xctest */;
			productType = "com.apple.product-type.bundle.unit-test";
		};
		390F8C042BB8A3A9006B8650 /* CuriosityUITests */ = {
			isa = PBXNativeTarget;
			buildConfigurationList = 390F8C152BB8A3A9006B8650 /* Build configuration list for PBXNativeTarget "CuriosityUITests" */;
			buildPhases = (
				390F8C012BB8A3A9006B8650 /* Sources */,
				390F8C022BB8A3A9006B8650 /* Frameworks */,
				390F8C032BB8A3A9006B8650 /* Resources */,
			);
			buildRules = (
			);
			dependencies = (
				390F8C072BB8A3A9006B8650 /* PBXTargetDependency */,
			);
			name = CuriosityUITests;
			productName = CuriosityUITests;
			productReference = 390F8C052BB8A3A9006B8650 /* CuriosityUITests.xctest */;
			productType = "com.apple.product-type.bundle.ui-testing";
		};
/* End PBXNativeTarget section */

/* Begin PBXProject section */
		390F8BE32BB8A3A7006B8650 /* Project object */ = {
			isa = PBXProject;
			attributes = {
				BuildIndependentTargetsInParallel = 1;
				LastSwiftUpdateCheck = 1520;
				LastUpgradeCheck = 1520;
				TargetAttributes = {
					390F8BEA2BB8A3A7006B8650 = {
						CreatedOnToolsVersion = 15.2;
					};
					390F8BFA2BB8A3A9006B8650 = {
						CreatedOnToolsVersion = 15.2;
						TestTargetID = 390F8BEA2BB8A3A7006B8650;
					};
					390F8C042BB8A3A9006B8650 = {
						CreatedOnToolsVersion = 15.2;
						TestTargetID = 390F8BEA2BB8A3A7006B8650;
					};
				};
			};
			buildConfigurationList = 390F8BE62BB8A3A7006B8650 /* Build configuration list for PBXProject "Curiosity" */;
			compatibilityVersion = "Xcode 14.0";
			developmentRegion = en;
			hasScannedForEncodings = 0;
			knownRegions = (
				en,
				Base,
			);
			mainGroup = 390F8BE22BB8A3A7006B8650;
			productRefGroup = 390F8BEC2BB8A3A7006B8650 /* Products */;
			projectDirPath = "";
			projectRoot = "";
			targets = (
				390F8BEA2BB8A3A7006B8650 /* Curiosity */,
				390F8BFA2BB8A3A9006B8650 /* CuriosityTests */,
				390F8C042BB8A3A9006B8650 /* CuriosityUITests */,
			);
		};
/* End PBXProject section */

/* Begin PBXResourcesBuildPhase section */
		390F8BE92BB8A3A7006B8650 /* Resources */ = {
			isa = PBXResourcesBuildPhase;
			buildActionMask = 2147483647;
			files = (
				390F8BF62BB8A3A9006B8650 /* Preview Assets.xcassets in Resources */,
				390F8BF32BB8A3A9006B8650 /* Assets.xcassets in Resources */,
			);
			runOnlyForDeploymentPostprocessing = 0;
		};
		390F8BF92BB8A3A9006B8650 /* Resources */ = {
			isa = PBXResourcesBuildPhase;
			buildActionMask = 2147483647;
			files = (
			);
			runOnlyForDeploymentPostprocessing = 0;
		};
		390F8C032BB8A3A9006B8650 /* Resources */ = {
			isa = PBXResourcesBuildPhase;
			buildActionMask = 2147483647;
			files = (
			);
			runOnlyForDeploymentPostprocessing = 0;
		};
/* End PBXResourcesBuildPhase section */

/* Begin PBXSourcesBuildPhase section */
		390F8BE72BB8A3A7006B8650 /* Sources */ = {
			isa = PBXSourcesBuildPhase;
			buildActionMask = 2147483647;
			files = (
				390F8BF12BB8A3A7006B8650 /* ContentView.swift in Sources */,
				390F8BEF2BB8A3A7006B8650 /* CuriosityApp.swift in Sources */,
			);
			runOnlyForDeploymentPostprocessing = 0;
		};
		390F8BF72BB8A3A9006B8650 /* Sources */ = {
			isa = PBXSourcesBuildPhase;
			buildActionMask = 2147483647;
			files = (
				390F8C002BB8A3A9006B8650 /* CuriosityTests.swift in Sources */,
			);
			runOnlyForDeploymentPostprocessing = 0;
		};
		390F8C012BB8A3A9006B8650 /* Sources */ = {
			isa = PBXSourcesBuildPhase;
			buildActionMask = 2147483647;
			files = (
				390F8C0C2BB8A3A9006B8650 /* CuriosityUITestsLaunchTests.swift in Sources */,
				390F8C0A2BB8A3A9006B8650 /* CuriosityUITests.swift in Sources */,
			);
			runOnlyForDeploymentPostprocessing = 0;
		};
/* End PBXSourcesBuildPhase section */

/* Begin PBXTargetDependency section */
		390F8BFD2BB8A3A9006B8650 /* PBXTargetDependency */ = {
			isa = PBXTargetDependency;
			target = 390F8BEA2BB8A3A7006B8650 /* Curiosity */;
			targetProxy = 390F8BFC2BB8A3A9006B8650 /* PBXContainerItemProxy */;
		};
		390F8C072BB8A3A9006B8650 /* PBXTargetDependency */ = {
			isa = PBXTargetDependency;
			target = 390F8BEA2BB8A3A7006B8650 /* Curiosity */;
			targetProxy = 390F8C062BB8A3A9006B8650 /* PBXContainerItemProxy */;
		};
/* End PBXTargetDependency section */

/* Begin XCBuildConfiguration section */
		390F8C0D2BB8A3A9006B8650 /* Debug */ = {
			isa = XCBuildConfiguration;
			buildSettings = {
				ALWAYS_SEARCH_USER_PATHS = NO;
				ASSETCATALOG_COMPILER_GENERATE_SWIFT_ASSET_SYMBOL_EXTENSIONS = YES;
				CLANG_ANALYZER_NONNULL = YES;
				CLANG_ANALYZER_NUMBER_OBJECT_CONVERSION = YES_AGGRESSIVE;
				CLANG_CXX_LANGUAGE_STANDARD = "gnu++20";
				CLANG_ENABLE_MODULES = YES;
				CLANG_ENABLE_OBJC_ARC = YES;
				CLANG_ENABLE_OBJC_WEAK = YES;
				CLANG_WARN_BLOCK_CAPTURE_AUTORELEASING = YES;
				CLANG_WARN_BOOL_CONVERSION = YES;
				CLANG_WARN_COMMA = YES;
				CLANG_WARN_CONSTANT_CONVERSION = YES;
				CLANG_WARN_DEPRECATED_OBJC_IMPLEMENTATIONS = YES;
				CLANG_WARN_DIRECT_OBJC_ISA_USAGE = YES_ERROR;
				CLANG_WARN_DOCUMENTATION_COMMENTS = YES;
				CLANG_WARN_EMPTY_BODY = YES;
				CLANG_WARN_ENUM_CONVERSION = YES;
				CLANG_WARN_INFINITE_RECURSION = YES;
				CLANG_WARN_INT_CONVERSION = YES;
				CLANG_WARN_NON_LITERAL_NULL_CONVERSION = YES;
				CLANG_WARN_OBJC_IMPLICIT_RETAIN_SELF = YES;
				CLANG_WARN_OBJC_LITERAL_CONVERSION = YES;
				CLANG_WARN_OBJC_ROOT_CLASS = YES_ERROR;
				CLANG_WARN_QUOTED_INCLUDE_IN_FRAMEWORK_HEADER = YES;
				CLANG_WARN_RANGE_LOOP_ANALYSIS = YES;
				CLANG_WARN_STRICT_PROTOTYPES = YES;
				CLANG_WARN_SUSPICIOUS_MOVE = YES;
				CLANG_WARN_UNGUARDED_AVAILABILITY = YES_AGGRESSIVE;
				CLANG_WARN_UNREACHABLE_CODE = YES;
				CLANG_WARN__DUPLICATE_METHOD_MATCH = YES;
				COPY_PHASE_STRIP = NO;
				DEBUG_INFORMATION_FORMAT = dwarf;
				ENABLE_STRICT_OBJC_MSGSEND = YES;
				ENABLE_TESTABILITY = YES;
				ENABLE_USER_SCRIPT_SANDBOXING = YES;
				GCC_C_LANGUAGE_STANDARD = gnu17;
				GCC_DYNAMIC_NO_PIC = NO;
				GCC_NO_COMMON_BLOCKS = YES;
				GCC_OPTIMIZATION_LEVEL = 0;
				GCC_PREPROCESSOR_DEFINITIONS = (
					"DEBUG=1",
					"$(inherited)",
				);
				GCC_WARN_64_TO_32_BIT_CONVERSION = YES;
				GCC_WARN_ABOUT_RETURN_TYPE = YES_ERROR;
				GCC_WARN_UNDECLARED_SELECTOR = YES;
				GCC_WARN_UNINITIALIZED_AUTOS = YES_AGGRESSIVE;
				GCC_WARN_UNUSED_FUNCTION = YES;
				GCC_WARN_UNUSED_VARIABLE = YES;
				IPHONEOS_DEPLOYMENT_TARGET = 17.2;
				LOCALIZATION_PREFERS_STRING_CATALOGS = YES;
				MTL_ENABLE_DEBUG_INFO = INCLUDE_SOURCE;
				MTL_FAST_MATH = YES;
				ONLY_ACTIVE_ARCH = YES;
				SDKROOT = iphoneos;
				SWIFT_ACTIVE_COMPILATION_CONDITIONS = "DEBUG $(inherited)";
				SWIFT_OPTIMIZATION_LEVEL = "-Onone";
			};
			name = Debug;
		};
		390F8C0E2BB8A3A9006B8650 /* Release */ = {
			isa = XCBuildConfiguration;
			buildSettings = {
				ALWAYS_SEARCH_USER_PATHS = NO;
				ASSETCATALOG_COMPILER_GENERATE_SWIFT_ASSET_SYMBOL_EXTENSIONS = YES;
				CLANG_ANALYZER_NONNULL = YES;
				CLANG_ANALYZER_NUMBER_OBJECT_CONVERSION = YES_AGGRESSIVE;
				CLANG_CXX_LANGUAGE_STANDARD = "gnu++20";
				CLANG_ENABLE_MODULES = YES;
				CLANG_ENABLE_OBJC_ARC = YES;
				CLANG_ENABLE_OBJC_WEAK = YES;
				CLANG_WARN_BLOCK_CAPTURE_AUTORELEASING = YES;
				CLANG_WARN_BOOL_CONVERSION = YES;
				CLANG_WARN_COMMA = YES;
				CLANG_WARN_CONSTANT_CONVERSION = YES;
				CLANG_WARN_DEPRECATED_OBJC_IMPLEMENTATIONS = YES;
				CLANG_WARN_DIRECT_OBJC_ISA_USAGE = YES_ERROR;
				CLANG_WARN_DOCUMENTATION_COMMENTS = YES;
				CLANG_WARN_EMPTY_BODY = YES;
				CLANG_WARN_ENUM_CONVERSION = YES;
				CLANG_WARN_INFINITE_RECURSION = YES;
				CLANG_WARN_INT_CONVERSION = YES;
				CLANG_WARN_NON_LITERAL_NULL_CONVERSION = YES;
				CLANG_WARN_OBJC_IMPLICIT_RETAIN_SELF = YES;
				CLANG_WARN_OBJC_LITERAL_CONVERSION = YES;
				CLANG_WARN_OBJC_ROOT_CLASS = YES_ERROR;
				CLANG_WARN_QUOTED_INCLUDE_IN_FRAMEWORK_HEADER = YES;
				CLANG_WARN_RANGE_LOOP_ANALYSIS = YES;
				CLANG_WARN_STRICT_PROTOTYPES = YES;
				CLANG_WARN_SUSPICIOUS_MOVE = YES;
				CLANG_WARN_UNGUARDED_AVAILABILITY = YES_AGGRESSIVE;
				CLANG_WARN_UNREACHABLE_CODE = YES;
				CLANG_WARN__DUPLICATE_METHOD_MATCH = YES;
				COPY_PHASE_STRIP = NO;
				DEBUG_INFORMATION_FORMAT = "dwarf-with-dsym";
				ENABLE_NS_ASSERTIONS = NO;
				ENABLE_STRICT_OBJC_MSGSEND = YES;
				ENABLE_USER_SCRIPT_SANDBOXING = YES;
				GCC_C_LANGUAGE_STANDARD = gnu17;
				GCC_NO_COMMON_BLOCKS = YES;
				GCC_WARN_64_TO_32_BIT_CONVERSION = YES;
				GCC_WARN_ABOUT_RETURN_TYPE = YES_ERROR;
				GCC_WARN_UNDECLARED_SELECTOR = YES;
				GCC_WARN_UNINITIALIZED_AUTOS = YES_AGGRESSIVE;
				GCC_WARN_UNUSED_FUNCTION = YES;
				GCC_WARN_UNUSED_VARIABLE = YES;
				IPHONEOS_DEPLOYMENT_TARGET = 17.2;
				LOCALIZATION_PREFERS_STRING_CATALOGS = YES;
				MTL_ENABLE_DEBUG_INFO = NO;
				MTL_FAST_MATH = YES;
				SDKROOT = iphoneos;
				SWIFT_COMPILATION_MODE = wholemodule;
				VALIDATE_PRODUCT = YES;
			};
			name = Release;
		};
		390F8C102BB8A3A9006B8650 /* Debug */ = {
			isa = XCBuildConfiguration;
			buildSettings = {
				ASSETCATALOG_COMPILER_APPICON_NAME = AppIcon;
				ASSETCATALOG_COMPILER_GLOBAL_ACCENT_COLOR_NAME = AccentColor;
				CODE_SIGN_STYLE = Automatic;
				CURRENT_PROJECT_VERSION = 1;
				DEVELOPMENT_ASSET_PATHS = "\"Curiosity/Preview Content\"";
				DEVELOPMENT_TEAM = 8YZR3MB5V3;
				ENABLE_PREVIEWS = YES;
				GENERATE_INFOPLIST_FILE = YES;
				INFOPLIST_KEY_UIApplicationSceneManifest_Generation = YES;
				INFOPLIST_KEY_UIApplicationSupportsIndirectInputEvents = YES;
				INFOPLIST_KEY_UILaunchScreen_Generation = YES;
				INFOPLIST_KEY_UISupportedInterfaceOrientations_iPad = "UIInterfaceOrientationPortrait UIInterfaceOrientationPortraitUpsideDown UIInterfaceOrientationLandscapeLeft UIInterfaceOrientationLandscapeRight";
				INFOPLIST_KEY_UISupportedInterfaceOrientations_iPhone = "UIInterfaceOrientationPortrait UIInterfaceOrientationLandscapeLeft UIInterfaceOrientationLandscapeRight";
				LD_RUNPATH_SEARCH_PATHS = (
					"$(inherited)",
					"@executable_path/Frameworks",
				);
				MARKETING_VERSION = 1.0;
				PRODUCT_BUNDLE_IDENTIFIER = ugonnaobiagwu.Curiosity;
				PRODUCT_NAME = "$(TARGET_NAME)";
				SWIFT_EMIT_LOC_STRINGS = YES;
				SWIFT_VERSION = 5.0;
				TARGETED_DEVICE_FAMILY = "1,2";
			};
			name = Debug;
		};
		390F8C112BB8A3A9006B8650 /* Release */ = {
			isa = XCBuildConfiguration;
			buildSettings = {
				ASSETCATALOG_COMPILER_APPICON_NAME = AppIcon;
				ASSETCATALOG_COMPILER_GLOBAL_ACCENT_COLOR_NAME = AccentColor;
				CODE_SIGN_STYLE = Automatic;
				CURRENT_PROJECT_VERSION = 1;
				DEVELOPMENT_ASSET_PATHS = "\"Curiosity/Preview Content\"";
				DEVELOPMENT_TEAM = 8YZR3MB5V3;
				ENABLE_PREVIEWS = YES;
				GENERATE_INFOPLIST_FILE = YES;
				INFOPLIST_KEY_UIApplicationSceneManifest_Generation = YES;
				INFOPLIST_KEY_UIApplicationSupportsIndirectInputEvents = YES;
				INFOPLIST_KEY_UILaunchScreen_Generation = YES;
				INFOPLIST_KEY_UISupportedInterfaceOrientations_iPad = "UIInterfaceOrientationPortrait UIInterfaceOrientationPortraitUpsideDown UIInterfaceOrientationLandscapeLeft UIInterfaceOrientationLandscapeRight";
				INFOPLIST_KEY_UISupportedInterfaceOrientations_iPhone = "UIInterfaceOrientationPortrait UIInterfaceOrientationLandscapeLeft UIInterfaceOrientationLandscapeRight";
				LD_RUNPATH_SEARCH_PATHS = (
					"$(inherited)",
					"@executable_path/Frameworks",
				);
				MARKETING_VERSION = 1.0;
				PRODUCT_BUNDLE_IDENTIFIER = ugonnaobiagwu.Curiosity;
				PRODUCT_NAME = "$(TARGET_NAME)";
				SWIFT_EMIT_LOC_STRINGS = YES;
				SWIFT_VERSION = 5.0;
				TARGETED_DEVICE_FAMILY = "1,2";
			};
			name = Release;
		};
		390F8C132BB8A3A9006B8650 /* Debug */ = {
			isa = XCBuildConfiguration;
			buildSettings = {
				ALWAYS_EMBED_SWIFT_STANDARD_LIBRARIES = YES;
				BUNDLE_LOADER = "$(TEST_HOST)";
				CODE_SIGN_STYLE = Automatic;
				CURRENT_PROJECT_VERSION = 1;
				DEVELOPMENT_TEAM = 8YZR3MB5V3;
				GENERATE_INFOPLIST_FILE = YES;
				IPHONEOS_DEPLOYMENT_TARGET = 17.2;
				MARKETING_VERSION = 1.0;
				PRODUCT_BUNDLE_IDENTIFIER = ugonnaobiagwu.CuriosityTests;
				PRODUCT_NAME = "$(TARGET_NAME)";
				SWIFT_EMIT_LOC_STRINGS = NO;
				SWIFT_VERSION = 5.0;
				TARGETED_DEVICE_FAMILY = "1,2";
				TEST_HOST = "$(BUILT_PRODUCTS_DIR)/Curiosity.app/$(BUNDLE_EXECUTABLE_FOLDER_PATH)/Curiosity";
			};
			name = Debug;
		};
		390F8C142BB8A3A9006B8650 /* Release */ = {
			isa = XCBuildConfiguration;
			buildSettings = {
				ALWAYS_EMBED_SWIFT_STANDARD_LIBRARIES = YES;
				BUNDLE_LOADER = "$(TEST_HOST)";
				CODE_SIGN_STYLE = Automatic;
				CURRENT_PROJECT_VERSION = 1;
				DEVELOPMENT_TEAM = 8YZR3MB5V3;
				GENERATE_INFOPLIST_FILE = YES;
				IPHONEOS_DEPLOYMENT_TARGET = 17.2;
				MARKETING_VERSION = 1.0;
				PRODUCT_BUNDLE_IDENTIFIER = ugonnaobiagwu.CuriosityTests;
				PRODUCT_NAME = "$(TARGET_NAME)";
				SWIFT_EMIT_LOC_STRINGS = NO;
				SWIFT_VERSION = 5.0;
				TARGETED_DEVICE_FAMILY = "1,2";
				TEST_HOST = "$(BUILT_PRODUCTS_DIR)/Curiosity.app/$(BUNDLE_EXECUTABLE_FOLDER_PATH)/Curiosity";
			};
			name = Release;
		};
		390F8C162BB8A3A9006B8650 /* Debug */ = {
			isa = XCBuildConfiguration;
			buildSettings = {
				ALWAYS_EMBED_SWIFT_STANDARD_LIBRARIES = YES;
				CODE_SIGN_STYLE = Automatic;
				CURRENT_PROJECT_VERSION = 1;
				DEVELOPMENT_TEAM = 8YZR3MB5V3;
				GENERATE_INFOPLIST_FILE = YES;
				MARKETING_VERSION = 1.0;
				PRODUCT_BUNDLE_IDENTIFIER = ugonnaobiagwu.CuriosityUITests;
				PRODUCT_NAME = "$(TARGET_NAME)";
				SWIFT_EMIT_LOC_STRINGS = NO;
				SWIFT_VERSION = 5.0;
				TARGETED_DEVICE_FAMILY = "1,2";
				TEST_TARGET_NAME = Curiosity;
			};
			name = Debug;
		};
		390F8C172BB8A3A9006B8650 /* Release */ = {
			isa = XCBuildConfiguration;
			buildSettings = {
				ALWAYS_EMBED_SWIFT_STANDARD_LIBRARIES = YES;
				CODE_SIGN_STYLE = Automatic;
				CURRENT_PROJECT_VERSION = 1;
				DEVELOPMENT_TEAM = 8YZR3MB5V3;
				GENERATE_INFOPLIST_FILE = YES;
				MARKETING_VERSION = 1.0;
				PRODUCT_BUNDLE_IDENTIFIER = ugonnaobiagwu.CuriosityUITests;
				PRODUCT_NAME = "$(TARGET_NAME)";
				SWIFT_EMIT_LOC_STRINGS = NO;
				SWIFT_VERSION = 5.0;
				TARGETED_DEVICE_FAMILY = "1,2";
				TEST_TARGET_NAME = Curiosity;
			};
			name = Release;
		};
/* End XCBuildConfiguration section */

/* Begin XCConfigurationList section */
		390F8BE62BB8A3A7006B8650 /* Build configuration list for PBXProject "Curiosity" */ = {
			isa = XCConfigurationList;
			buildConfigurations = (
				390F8C0D2BB8A3A9006B8650 /* Debug */,
				390F8C0E2BB8A3A9006B8650 /* Release */,
			);
			defaultConfigurationIsVisible = 0;
			defaultConfigurationName = Release;
		};
		390F8C0F2BB8A3A9006B8650 /* Build configuration list for PBXNativeTarget "Curiosity" */ = {
			isa = XCConfigurationList;
			buildConfigurations = (
				390F8C102BB8A3A9006B8650 /* Debug */,
				390F8C112BB8A3A9006B8650 /* Release */,
			);
			defaultConfigurationIsVisible = 0;
			defaultConfigurationName = Release;
		};
		390F8C122BB8A3A9006B8650 /* Build configuration list for PBXNativeTarget "CuriosityTests" */ = {
			isa = XCConfigurationList;
			buildConfigurations = (
				390F8C132BB8A3A9006B8650 /* Debug */,
				390F8C142BB8A3A9006B8650 /* Release */,
			);
			defaultConfigurationIsVisible = 0;
			defaultConfigurationName = Release;
		};
		390F8C152BB8A3A9006B8650 /* Build configuration list for PBXNativeTarget "CuriosityUITests" */ = {
			isa = XCConfigurationList;
			buildConfigurations = (
				390F8C162BB8A3A9006B8650 /* Debug */,
				390F8C172BB8A3A9006B8650 /* Release */,
			);
			defaultConfigurationIsVisible = 0;
			defaultConfigurationName = Release;
		};
/* End XCConfigurationList section */
	};
	rootObject = 390F8BE32BB8A3A7006B8650 /* Project object */;
}
